
Microsoft Visual Studio Solution File, Format Version 12.00
# Visual Studio Version 16
VisualStudioVersion = 16.0.31129.286
MinimumVisualStudioVersion = 10.0.40219.1
Project("{9A19103F-16F7-4668-BE54-9A1E7A4F7556}") = "WorkflowVisualisation", "WorkflowVisualisation\WorkflowVisualisation.csproj", "{6CCFFDF7-E519-4C68-BDE4-20D1203419FE}"
EndProject
Project("{9A19103F-16F7-4668-BE54-9A1E7A4F7556}") = "WorkflowVisualisation.WebAssembly", "WorkflowVisualisation.WebAssembly\WorkflowVisualisation.WebAssembly.csproj", "{4FF8063E-3651-47B3-9688-1A721046B9BC}"
EndProject
Project("{FAE04EC0-301F-11D3-BF4B-00C04F79EFBC}") = "WorkflowVisualisation.NetCoreWebApp", "WorkflowVisualisation.NetCoreWebApp\WorkflowVisualisation.NetCoreWebApp.csproj", "{E3EF6ACB-49F7-49AC-A3C5-6723E0EDC6A0}"
EndProject
Global
	GlobalSection(SolutionConfigurationPlatforms) = preSolution
		Debug|Any CPU = Debug|Any CPU
		Release|Any CPU = Release|Any CPU
	EndGlobalSection
	GlobalSection(ProjectConfigurationPlatforms) = postSolution
		{6CCFFDF7-E519-4C68-BDE4-20D1203419FE}.Debug|Any CPU.ActiveCfg = Debug|Any CPU
		{6CCFFDF7-E519-4C68-BDE4-20D1203419FE}.Debug|Any CPU.Build.0 = Debug|Any CPU
		{6CCFFDF7-E519-4C68-BDE4-20D1203419FE}.Release|Any CPU.ActiveCfg = Release|Any CPU
		{6CCFFDF7-E519-4C68-BDE4-20D1203419FE}.Release|Any CPU.Build.0 = Release|Any CPU
		{4FF8063E-3651-47B3-9688-1A721046B9BC}.Debug|Any CPU.ActiveCfg = Debug|Any CPU
		{4FF8063E-3651-47B3-9688-1A721046B9BC}.Debug|Any CPU.Build.0 = Debug|Any CPU
		{4FF8063E-3651-47B3-9688-1A721046B9BC}.Release|Any CPU.ActiveCfg = Release|Any CPU
		{4FF8063E-3651-47B3-9688-1A721046B9BC}.Release|Any CPU.Build.0 = Release|Any CPU
		{E3EF6ACB-49F7-49AC-A3C5-6723E0EDC6A0}.Debug|Any CPU.ActiveCfg = Debug|Any CPU
		{E3EF6ACB-49F7-49AC-A3C5-6723E0EDC6A0}.Debug|Any CPU.Build.0 = Debug|Any CPU
		{E3EF6ACB-49F7-49AC-A3C5-6723E0EDC6A0}.Release|Any CPU.ActiveCfg = Release|Any CPU
		{E3EF6ACB-49F7-49AC-A3C5-6723E0EDC6A0}.Release|Any CPU.Build.0 = Release|Any CPU
	EndGlobalSection
	GlobalSection(SolutionProperties) = preSolution
		HideSolutionNode = FALSE
	EndGlobalSection
	GlobalSection(ExtensibilityGlobals) = postSolution
		SolutionGuid = {CE48DD63-8D11-41A8-84B8-29D5B04881C2}
	EndGlobalSection
EndGlobal
